{
    "_meta": {
        "hash": {
            "sha256": "dc91342bf42a9f2bcde08f6f759a60caba001689cc96817492de1d15f5935bc4"
        },
        "pipfile-spec": 6,
        "requires": {
            "python_version": "3.7"
        },
        "sources": [
            {
                "name": "pypi",
                "url": "https://pypi.org/simple",
                "verify_ssl": true
            }
        ]
    },
    "default": {
        "docopt": {
            "hashes": [
                "sha256:71ad940a773fbc23be6093e9476ad57b2ecec446946a28d30127501f3b29aa35"
            ],
            "index": "pypi",
            "version": "==0.6.1"
        }
    },
    "develop": {}
}
